
Microsoft Visual Studio Solution File, Format Version 12.00
# Visual Studio 2013
VisualStudioVersion = 12.0.30723.0
MinimumVisualStudioVersion = 10.0.40219.1
Project("{FAE04EC0-301F-11D3-BF4B-00C04F79EFBC}") = "Tangram", "Tangram\Tangram.csproj", "{8B150B74-3FC4-400C-86FE-5A14BE4AF1B5}"
EndProject
Project("{FAE04EC0-301F-11D3-BF4B-00C04F79EFBC}") = "TangramCMS", "TangramCMS\TangramCMS.csproj", "{0F3F8C67-4951-47A6-9584-9137C3C9F5F5}"
EndProject
Project("{FAE04EC0-301F-11D3-BF4B-00C04F79EFBC}") = "TangramCMS.Tests", "TangramCMS.Tests\TangramCMS.Tests.csproj", "{D551C1AF-E1B2-45F8-9786-5A4237F4A1F6}"
EndProject
Global
	GlobalSection(SolutionConfigurationPlatforms) = preSolution
		Debug|Any CPU = Debug|Any CPU
		Release|Any CPU = Release|Any CPU
	EndGlobalSection
	GlobalSection(ProjectConfigurationPlatforms) = postSolution
		{8B150B74-3FC4-400C-86FE-5A14BE4AF1B5}.Debug|Any CPU.ActiveCfg = Debug|Any CPU
		{8B150B74-3FC4-400C-86FE-5A14BE4AF1B5}.Debug|Any CPU.Build.0 = Debug|Any CPU
		{8B150B74-3FC4-400C-86FE-5A14BE4AF1B5}.Release|Any CPU.ActiveCfg = Release|Any CPU
		{8B150B74-3FC4-400C-86FE-5A14BE4AF1B5}.Release|Any CPU.Build.0 = Release|Any CPU
		{0F3F8C67-4951-47A6-9584-9137C3C9F5F5}.Debug|Any CPU.ActiveCfg = Debug|Any CPU
		{0F3F8C67-4951-47A6-9584-9137C3C9F5F5}.Debug|Any CPU.Build.0 = Debug|Any CPU
		{0F3F8C67-4951-47A6-9584-9137C3C9F5F5}.Release|Any CPU.ActiveCfg = Release|Any CPU
		{0F3F8C67-4951-47A6-9584-9137C3C9F5F5}.Release|Any CPU.Build.0 = Release|Any CPU
		{D551C1AF-E1B2-45F8-9786-5A4237F4A1F6}.Debug|Any CPU.ActiveCfg = Debug|Any CPU
		{D551C1AF-E1B2-45F8-9786-5A4237F4A1F6}.Debug|Any CPU.Build.0 = Debug|Any CPU
		{D551C1AF-E1B2-45F8-9786-5A4237F4A1F6}.Release|Any CPU.ActiveCfg = Release|Any CPU
		{D551C1AF-E1B2-45F8-9786-5A4237F4A1F6}.Release|Any CPU.Build.0 = Release|Any CPU
	EndGlobalSection
	GlobalSection(SolutionProperties) = preSolution
		HideSolutionNode = FALSE
	EndGlobalSection
EndGlobal
